{
  "name": "Implementation",
  "version": "1.0.0",
  "lockfileVersion": 1,
  "requires": true,
  "dependencies": {
    "cytoscape-popper": {
      "version": "1.0.6",
      "resolved": "https://registry.npmjs.org/cytoscape-popper/-/cytoscape-popper-1.0.6.tgz",
      "integrity": "sha512-S8T+NcvtsWiziv14YxYeNcHHeQUyRKg9ElqJJwOpNmj0GwfwSAxSg5uvuz1hiFGX7nNgsBLMmao+EGhcrDt0QQ==",
      "requires": {
        "popper.js": "^1.0.0"
      }
    },
    "popper.js": {
      "version": "1.16.1",
      "resolved": "https://registry.npmjs.org/popper.js/-/popper.js-1.16.1.tgz",
      "integrity": "sha512-Wb4p1J4zyFTbM+u6WuO4XstYx4Ky9Cewe4DWrel7B0w6VVICvPwdOpotjzcf6eD8TsckVnIMNONQyPIUFOUbCQ=="
    }
  }
}
